{
    "_readme": [
        "This file locks the dependencies of your project to a known state",
        "Read more about it at http://getcomposer.org/doc/01-basic-usage.md#composer-lock-the-lock-file",
        "This file is @generated automatically"
    ],
    "hash": "d9d96d218441f1a6e5bad45f83db6e5a",
    "packages": [
        {
            "name": "html2text/html2text",
            "version": "2.0.1",
            "source": {
                "type": "git",
                "url": "https://github.com/mtibben/html2text.git",
                "reference": "1ff30ba6b0905fc1714385f747e0228d6bfcab15"
            },
            "dist": {
                "type": "zip",
                "url": "https://api.github.com/repos/mtibben/html2text/zipball/1ff30ba6b0905fc1714385f747e0228d6bfcab15",
                "reference": "1ff30ba6b0905fc1714385f747e0228d6bfcab15",
                "shasum": ""
            },
            "require-dev": {
                "phpunit/phpunit": "~4"
            },
            "type": "library",
            "autoload": {
                "psr-4": {
                    "Html2Text\\": [
                        "src/",
                        "test/"
                    ]
                }
            },
            "notification-url": "https://packagist.org/downloads/",
            "license": [
                "GPLv2"
            ],
            "description": "Converts HTML to formatted plain text",
            "time": "2015-01-28 23:10:17"
        }
    ],
    "packages-dev": [],
    "aliases": [],
    "minimum-stability": "stable",
    "stability-flags": [],
    "prefer-stable": false,
    "platform": [],
    "platform-dev": []
}
